
Microsoft Visual Studio Solution File, Format Version 12.00
# Visual Studio Version 17
VisualStudioVersion = 17.14.36518.9 d17.14
MinimumVisualStudioVersion = 10.0.40219.1
Project("{FAE04EC0-301F-11D3-BF4B-00C04F79EFBC}") = "DevNetSystems", "DevNetSystems\DevNetSystems.csproj", "{4C631F93-84D6-482B-AAFD-75B360C0AA77}"
EndProject
Global
	GlobalSection(SolutionConfigurationPlatforms) = preSolution
		Debug|Any CPU = Debug|Any CPU
		Release|Any CPU = Release|Any CPU
	EndGlobalSection
	GlobalSection(ProjectConfigurationPlatforms) = postSolution
		{4C631F93-84D6-482B-AAFD-75B360C0AA77}.Debug|Any CPU.ActiveCfg = Debug|Any CPU
		{4C631F93-84D6-482B-AAFD-75B360C0AA77}.Debug|Any CPU.Build.0 = Debug|Any CPU
		{4C631F93-84D6-482B-AAFD-75B360C0AA77}.Release|Any CPU.ActiveCfg = Release|Any CPU
		{4C631F93-84D6-482B-AAFD-75B360C0AA77}.Release|Any CPU.Build.0 = Release|Any CPU
	EndGlobalSection
	GlobalSection(SolutionProperties) = preSolution
		HideSolutionNode = FALSE
	EndGlobalSection
	GlobalSection(ExtensibilityGlobals) = postSolution
		SolutionGuid = {D7B80011-656B-4C7C-90D5-4AA7AA1D8A26}
	EndGlobalSection
EndGlobal
